
Microsoft Visual Studio Solution File, Format Version 12.00
# Visual Studio Version 16
VisualStudioVersion = 16.0.30804.86
MinimumVisualStudioVersion = 10.0.40219.1
Project("{9A19103F-16F7-4668-BE54-9A1E7A4F7556}") = "angular-visual-studio", "angular-visual-studio\angular-visual-studio.csproj", "{19463603-E0E7-4C2D-A356-3098E765F63A}"
EndProject
Project("{FAE04EC0-301F-11D3-BF4B-00C04F79EFBC}") = "HeroesAPI", "HeroesAPI\HeroesAPI.csproj", "{0BAFF09D-596B-4C32-9D59-5344439194B5}"
EndProject
Global
	GlobalSection(SolutionConfigurationPlatforms) = preSolution
		Debug|Any CPU = Debug|Any CPU
		Release|Any CPU = Release|Any CPU
	EndGlobalSection
	GlobalSection(ProjectConfigurationPlatforms) = postSolution
		{19463603-E0E7-4C2D-A356-3098E765F63A}.Debug|Any CPU.ActiveCfg = Debug|Any CPU
		{19463603-E0E7-4C2D-A356-3098E765F63A}.Debug|Any CPU.Build.0 = Debug|Any CPU
		{19463603-E0E7-4C2D-A356-3098E765F63A}.Release|Any CPU.ActiveCfg = Release|Any CPU
		{19463603-E0E7-4C2D-A356-3098E765F63A}.Release|Any CPU.Build.0 = Release|Any CPU
		{0BAFF09D-596B-4C32-9D59-5344439194B5}.Debug|Any CPU.ActiveCfg = Debug|Any CPU
		{0BAFF09D-596B-4C32-9D59-5344439194B5}.Debug|Any CPU.Build.0 = Debug|Any CPU
		{0BAFF09D-596B-4C32-9D59-5344439194B5}.Release|Any CPU.ActiveCfg = Release|Any CPU
		{0BAFF09D-596B-4C32-9D59-5344439194B5}.Release|Any CPU.Build.0 = Release|Any CPU
	EndGlobalSection
	GlobalSection(SolutionProperties) = preSolution
		HideSolutionNode = FALSE
	EndGlobalSection
	GlobalSection(ExtensibilityGlobals) = postSolution
		SolutionGuid = {F83FE934-CA66-4CC3-BC99-F7DC3D57B56A}
	EndGlobalSection
EndGlobal
