
Microsoft Visual Studio Solution File, Format Version 12.00
# Visual Studio Version 16
VisualStudioVersion = 16.0.30804.86
MinimumVisualStudioVersion = 10.0.40219.1
Project("{9A19103F-16F7-4668-BE54-9A1E7A4F7556}") = "ConsoleCore", "ConsoleCore\ConsoleCore.csproj", "{28FF059D-0E63-40CD-BD18-4AAC12EA0B1B}"
EndProject
Project("{FAE04EC0-301F-11D3-BF4B-00C04F79EFBC}") = "ConsoleFw", "ConsoleFw\ConsoleFw.csproj", "{369FAA72-3CB2-4CA4-AAE6-57E2118C9E9E}"
EndProject
Project("{9A19103F-16F7-4668-BE54-9A1E7A4F7556}") = "AspNetCore", "AspNetCore\AspNetCore.csproj", "{8FEEB018-A959-4131-AC40-9786C1382938}"
EndProject
Project("{FAE04EC0-301F-11D3-BF4B-00C04F79EFBC}") = "AspNetFw", "AspNetFw\AspNetFw.csproj", "{56D7EFDB-A5EB-4ACA-9BE3-5E6EDD4FA380}"
EndProject
Project("{9A19103F-16F7-4668-BE54-9A1E7A4F7556}") = "OreLavorateCore", "OreLavorateCore\OreLavorateCore.csproj", "{CD060BCA-D371-4465-B1EE-5FE1810FDA6C}"
EndProject
Project("{FAE04EC0-301F-11D3-BF4B-00C04F79EFBC}") = "NetCoreLibrary", "NetCoreLibrary\NetCoreLibrary.csproj", "{1CF786D5-F4EA-4501-82FF-CD7594EF3B74}"
EndProject
Global
	GlobalSection(SolutionConfigurationPlatforms) = preSolution
		Debug|Any CPU = Debug|Any CPU
		Release|Any CPU = Release|Any CPU
	EndGlobalSection
	GlobalSection(ProjectConfigurationPlatforms) = postSolution
		{28FF059D-0E63-40CD-BD18-4AAC12EA0B1B}.Debug|Any CPU.ActiveCfg = Debug|Any CPU
		{28FF059D-0E63-40CD-BD18-4AAC12EA0B1B}.Debug|Any CPU.Build.0 = Debug|Any CPU
		{28FF059D-0E63-40CD-BD18-4AAC12EA0B1B}.Release|Any CPU.ActiveCfg = Release|Any CPU
		{28FF059D-0E63-40CD-BD18-4AAC12EA0B1B}.Release|Any CPU.Build.0 = Release|Any CPU
		{369FAA72-3CB2-4CA4-AAE6-57E2118C9E9E}.Debug|Any CPU.ActiveCfg = Debug|Any CPU
		{369FAA72-3CB2-4CA4-AAE6-57E2118C9E9E}.Debug|Any CPU.Build.0 = Debug|Any CPU
		{369FAA72-3CB2-4CA4-AAE6-57E2118C9E9E}.Release|Any CPU.ActiveCfg = Release|Any CPU
		{369FAA72-3CB2-4CA4-AAE6-57E2118C9E9E}.Release|Any CPU.Build.0 = Release|Any CPU
		{8FEEB018-A959-4131-AC40-9786C1382938}.Debug|Any CPU.ActiveCfg = Debug|Any CPU
		{8FEEB018-A959-4131-AC40-9786C1382938}.Debug|Any CPU.Build.0 = Debug|Any CPU
		{8FEEB018-A959-4131-AC40-9786C1382938}.Release|Any CPU.ActiveCfg = Release|Any CPU
		{8FEEB018-A959-4131-AC40-9786C1382938}.Release|Any CPU.Build.0 = Release|Any CPU
		{56D7EFDB-A5EB-4ACA-9BE3-5E6EDD4FA380}.Debug|Any CPU.ActiveCfg = Debug|Any CPU
		{56D7EFDB-A5EB-4ACA-9BE3-5E6EDD4FA380}.Debug|Any CPU.Build.0 = Debug|Any CPU
		{56D7EFDB-A5EB-4ACA-9BE3-5E6EDD4FA380}.Release|Any CPU.ActiveCfg = Release|Any CPU
		{56D7EFDB-A5EB-4ACA-9BE3-5E6EDD4FA380}.Release|Any CPU.Build.0 = Release|Any CPU
		{CD060BCA-D371-4465-B1EE-5FE1810FDA6C}.Debug|Any CPU.ActiveCfg = Debug|Any CPU
		{CD060BCA-D371-4465-B1EE-5FE1810FDA6C}.Debug|Any CPU.Build.0 = Debug|Any CPU
		{CD060BCA-D371-4465-B1EE-5FE1810FDA6C}.Release|Any CPU.ActiveCfg = Release|Any CPU
		{CD060BCA-D371-4465-B1EE-5FE1810FDA6C}.Release|Any CPU.Build.0 = Release|Any CPU
		{1CF786D5-F4EA-4501-82FF-CD7594EF3B74}.Debug|Any CPU.ActiveCfg = Debug|Any CPU
		{1CF786D5-F4EA-4501-82FF-CD7594EF3B74}.Debug|Any CPU.Build.0 = Debug|Any CPU
		{1CF786D5-F4EA-4501-82FF-CD7594EF3B74}.Release|Any CPU.ActiveCfg = Release|Any CPU
		{1CF786D5-F4EA-4501-82FF-CD7594EF3B74}.Release|Any CPU.Build.0 = Release|Any CPU
	EndGlobalSection
	GlobalSection(SolutionProperties) = preSolution
		HideSolutionNode = FALSE
	EndGlobalSection
	GlobalSection(ExtensibilityGlobals) = postSolution
		SolutionGuid = {AE08016F-73DB-480C-A4CF-5A934FD6BE7F}
	EndGlobalSection
EndGlobal
